// !$*UTF8*$!
{
	archiveVersion = 1;
	classes = {
	};
	objectVersion = 55;
	objects = {

/* Begin PBXBuildFile section */
		A15EA54727CE8B7800C6CEA7 /* StrongerApp.swift in Sources */ = {isa = PBXBuildFile; fileRef = A15EA54627CE8B7800C6CEA7 /* StrongerApp.swift */; };
		A15EA54927CE8B7800C6CEA7 /* ContentView.swift in Sources */ = {isa = PBXBuildFile; fileRef = A15EA54827CE8B7800C6CEA7 /* ContentView.swift */; };
		A15EA54B27CE8B7900C6CEA7 /* Assets.xcassets in Resources */ = {isa = PBXBuildFile; fileRef = A15EA54A27CE8B7900C6CEA7 /* Assets.xcassets */; };
		A15EA54E27CE8B7900C6CEA7 /* Preview Assets.xcassets in Resources */ = {isa = PBXBuildFile; fileRef = A15EA54D27CE8B7900C6CEA7 /* Preview Assets.xcassets */; };
		A15EA55627CE984D00C6CEA7 /* Excercise.swift in Sources */ = {isa = PBXBuildFile; fileRef = A15EA55527CE984D00C6CEA7 /* Excercise.swift */; };
		A15EA55827CE9B0B00C6CEA7 /* ColorExtensions.swift in Sources */ = {isa = PBXBuildFile; fileRef = A15EA55727CE9B0B00C6CEA7 /* ColorExtensions.swift */; };
		A1912F8227CEA24F00782A74 /* SearchBar.swift in Sources */ = {isa = PBXBuildFile; fileRef = A1912F8127CEA24F00782A74 /* SearchBar.swift */; };
		A1912F8527CEA9BE00782A74 /* BodyPartFilterButton.swift in Sources */ = {isa = PBXBuildFile; fileRef = A1912F8427CEA9BE00782A74 /* BodyPartFilterButton.swift */; };
		A1912F8927CEAACC00782A74 /* Excercises.swift in Sources */ = {isa = PBXBuildFile; fileRef = A1912F8827CEAACC00782A74 /* Excercises.swift */; };
		A1912F8D27CECD5600782A74 /* ExercisesListCell.swift in Sources */ = {isa = PBXBuildFile; fileRef = A1912F8C27CECD5600782A74 /* ExercisesListCell.swift */; };
		A1912F9027CF0E9700782A74 /* AddingWorkout.swift in Sources */ = {isa = PBXBuildFile; fileRef = A1912F8F27CF0E9700782A74 /* AddingWorkout.swift */; };
		A1912F9227CF1CAF00782A74 /* CategoryFilterButton.swift in Sources */ = {isa = PBXBuildFile; fileRef = A1912F9127CF1CAF00782A74 /* CategoryFilterButton.swift */; };
		A1912F9427CFCA6400782A74 /* testing.swift in Sources */ = {isa = PBXBuildFile; fileRef = A1912F9327CFCA6400782A74 /* testing.swift */; };
/* End PBXBuildFile section */

/* Begin PBXFileReference section */
		A15EA54327CE8B7800C6CEA7 /* Stronger.app */ = {isa = PBXFileReference; explicitFileType = wrapper.application; includeInIndex = 0; path = Stronger.app; sourceTree = BUILT_PRODUCTS_DIR; };
		A15EA54627CE8B7800C6CEA7 /* StrongerApp.swift */ = {isa = PBXFileReference; lastKnownFileType = sourcecode.swift; path = StrongerApp.swift; sourceTree = "<group>"; };
		A15EA54827CE8B7800C6CEA7 /* ContentView.swift */ = {isa = PBXFileReference; lastKnownFileType = sourcecode.swift; path = ContentView.swift; sourceTree = "<group>"; };
		A15EA54A27CE8B7900C6CEA7 /* Assets.xcassets */ = {isa = PBXFileReference; lastKnownFileType = folder.assetcatalog; path = Assets.xcassets; sourceTree = "<group>"; };
		A15EA54D27CE8B7900C6CEA7 /* Preview Assets.xcassets */ = {isa = PBXFileReference; lastKnownFileType = folder.assetcatalog; path = "Preview Assets.xcassets"; sourceTree = "<group>"; };
		A15EA55527CE984D00C6CEA7 /* Excercise.swift */ = {isa = PBXFileReference; lastKnownFileType = sourcecode.swift; path = Excercise.swift; sourceTree = "<group>"; };
		A15EA55727CE9B0B00C6CEA7 /* ColorExtensions.swift */ = {isa = PBXFileReference; lastKnownFileType = sourcecode.swift; path = ColorExtensions.swift; sourceTree = "<group>"; };
		A1912F8127CEA24F00782A74 /* SearchBar.swift */ = {isa = PBXFileReference; lastKnownFileType = sourcecode.swift; path = SearchBar.swift; sourceTree = "<group>"; };
		A1912F8427CEA9BE00782A74 /* BodyPartFilterButton.swift */ = {isa = PBXFileReference; lastKnownFileType = sourcecode.swift; path = BodyPartFilterButton.swift; sourceTree = "<group>"; };
		A1912F8827CEAACC00782A74 /* Excercises.swift */ = {isa = PBXFileReference; lastKnownFileType = sourcecode.swift; path = Excercises.swift; sourceTree = "<group>"; };
		A1912F8C27CECD5600782A74 /* ExercisesListCell.swift */ = {isa = PBXFileReference; lastKnownFileType = sourcecode.swift; path = ExercisesListCell.swift; sourceTree = "<group>"; };
		A1912F8F27CF0E9700782A74 /* AddingWorkout.swift */ = {isa = PBXFileReference; lastKnownFileType = sourcecode.swift; path = AddingWorkout.swift; sourceTree = "<group>"; };
		A1912F9127CF1CAF00782A74 /* CategoryFilterButton.swift */ = {isa = PBXFileReference; lastKnownFileType = sourcecode.swift; path = CategoryFilterButton.swift; sourceTree = "<group>"; };
		A1912F9327CFCA6400782A74 /* testing.swift */ = {isa = PBXFileReference; lastKnownFileType = sourcecode.swift; path = testing.swift; sourceTree = "<group>"; };
/* End PBXFileReference section */

/* Begin PBXFrameworksBuildPhase section */
		A15EA54027CE8B7800C6CEA7 /* Frameworks */ = {
			isa = PBXFrameworksBuildPhase;
			buildActionMask = 2147483647;
			files = (
			);
			runOnlyForDeploymentPostprocessing = 0;
		};
/* End PBXFrameworksBuildPhase section */

/* Begin PBXGroup section */
		A15EA53A27CE8B7800C6CEA7 = {
			isa = PBXGroup;
			children = (
				A15EA54527CE8B7800C6CEA7 /* Stronger */,
				A15EA54427CE8B7800C6CEA7 /* Products */,
			);
			sourceTree = "<group>";
		};
		A15EA54427CE8B7800C6CEA7 /* Products */ = {
			isa = PBXGroup;
			children = (
				A15EA54327CE8B7800C6CEA7 /* Stronger.app */,
			);
			name = Products;
			sourceTree = "<group>";
		};
		A15EA54527CE8B7800C6CEA7 /* Stronger */ = {
			isa = PBXGroup;
			children = (
				A1912F8627CEAAAC00782A74 /* Views */,
				A15EA55927CE9B1400C6CEA7 /* Extensions */,
				A15EA55427CE983400C6CEA7 /* Structs */,
				A15EA54627CE8B7800C6CEA7 /* StrongerApp.swift */,
				A15EA54827CE8B7800C6CEA7 /* ContentView.swift */,
				A15EA54A27CE8B7900C6CEA7 /* Assets.xcassets */,
				A15EA54C27CE8B7900C6CEA7 /* Preview Content */,
			);
			path = Stronger;
			sourceTree = "<group>";
		};
		A15EA54C27CE8B7900C6CEA7 /* Preview Content */ = {
			isa = PBXGroup;
			children = (
				A15EA54D27CE8B7900C6CEA7 /* Preview Assets.xcassets */,
			);
			path = "Preview Content";
			sourceTree = "<group>";
		};
		A15EA55427CE983400C6CEA7 /* Structs */ = {
			isa = PBXGroup;
			children = (
				A15EA55527CE984D00C6CEA7 /* Excercise.swift */,
			);
			name = Structs;
			sourceTree = "<group>";
		};
		A15EA55927CE9B1400C6CEA7 /* Extensions */ = {
			isa = PBXGroup;
			children = (
				A15EA55727CE9B0B00C6CEA7 /* ColorExtensions.swift */,
			);
			path = Extensions;
			sourceTree = "<group>";
		};
		A1912F8327CEA74800782A74 /* SubViews */ = {
			isa = PBXGroup;
			children = (
				A1912F8127CEA24F00782A74 /* SearchBar.swift */,
				A1912F8427CEA9BE00782A74 /* BodyPartFilterButton.swift */,
				A1912F8C27CECD5600782A74 /* ExercisesListCell.swift */,
				A1912F8F27CF0E9700782A74 /* AddingWorkout.swift */,
				A1912F9127CF1CAF00782A74 /* CategoryFilterButton.swift */,
				A1912F9327CFCA6400782A74 /* testing.swift */,
			);
			path = SubViews;
			sourceTree = "<group>";
		};
		A1912F8627CEAAAC00782A74 /* Views */ = {
			isa = PBXGroup;
			children = (
				A1912F8727CEAAB900782A74 /* Excercises */,
			);
			path = Views;
			sourceTree = "<group>";
		};
		A1912F8727CEAAB900782A74 /* Excercises */ = {
			isa = PBXGroup;
			children = (
				A1912F8327CEA74800782A74 /* SubViews */,
				A1912F8827CEAACC00782A74 /* Excercises.swift */,
			);
			path = Excercises;
			sourceTree = "<group>";
		};
/* End PBXGroup section */

/* Begin PBXNativeTarget section */
		A15EA54227CE8B7800C6CEA7 /* Stronger */ = {
			isa = PBXNativeTarget;
			buildConfigurationList = A15EA55127CE8B7900C6CEA7 /* Build configuration list for PBXNativeTarget "Stronger" */;
			buildPhases = (
				A15EA53F27CE8B7800C6CEA7 /* Sources */,
				A15EA54027CE8B7800C6CEA7 /* Frameworks */,
				A15EA54127CE8B7800C6CEA7 /* Resources */,
			);
			buildRules = (
			);
			dependencies = (
			);
			name = Stronger;
			productName = Stronger;
			productReference = A15EA54327CE8B7800C6CEA7 /* Stronger.app */;
			productType = "com.apple.product-type.application";
		};
/* End PBXNativeTarget section */

/* Begin PBXProject section */
		A15EA53B27CE8B7800C6CEA7 /* Project object */ = {
			isa = PBXProject;
			attributes = {
				BuildIndependentTargetsInParallel = 1;
				LastSwiftUpdateCheck = 1320;
				LastUpgradeCheck = 1320;
				TargetAttributes = {
					A15EA54227CE8B7800C6CEA7 = {
						CreatedOnToolsVersion = 13.2.1;
					};
				};
			};
			buildConfigurationList = A15EA53E27CE8B7800C6CEA7 /* Build configuration list for PBXProject "Stronger" */;
			compatibilityVersion = "Xcode 13.0";
			developmentRegion = en;
			hasScannedForEncodings = 0;
			knownRegions = (
				en,
				Base,
			);
			mainGroup = A15EA53A27CE8B7800C6CEA7;
			productRefGroup = A15EA54427CE8B7800C6CEA7 /* Products */;
			projectDirPath = "";
			projectRoot = "";
			targets = (
				A15EA54227CE8B7800C6CEA7 /* Stronger */,
			);
		};
/* End PBXProject section */

/* Begin PBXResourcesBuildPhase section */
		A15EA54127CE8B7800C6CEA7 /* Resources */ = {
			isa = PBXResourcesBuildPhase;
			buildActionMask = 2147483647;
			files = (
				A15EA54E27CE8B7900C6CEA7 /* Preview Assets.xcassets in Resources */,
				A15EA54B27CE8B7900C6CEA7 /* Assets.xcassets in Resources */,
			);
			runOnlyForDeploymentPostprocessing = 0;
		};
/* End PBXResourcesBuildPhase section */

/* Begin PBXSourcesBuildPhase section */
		A15EA53F27CE8B7800C6CEA7 /* Sources */ = {
			isa = PBXSourcesBuildPhase;
			buildActionMask = 2147483647;
			files = (
				A15EA54927CE8B7800C6CEA7 /* ContentView.swift in Sources */,
				A15EA54727CE8B7800C6CEA7 /* StrongerApp.swift in Sources */,
				A1912F8227CEA24F00782A74 /* SearchBar.swift in Sources */,
				A1912F8927CEAACC00782A74 /* Excercises.swift in Sources */,
				A1912F8D27CECD5600782A74 /* ExercisesListCell.swift in Sources */,
				A1912F9027CF0E9700782A74 /* AddingWorkout.swift in Sources */,
				A1912F8527CEA9BE00782A74 /* BodyPartFilterButton.swift in Sources */,
				A15EA55627CE984D00C6CEA7 /* Excercise.swift in Sources */,
				A15EA55827CE9B0B00C6CEA7 /* ColorExtensions.swift in Sources */,
				A1912F9427CFCA6400782A74 /* testing.swift in Sources */,
				A1912F9227CF1CAF00782A74 /* CategoryFilterButton.swift in Sources */,
			);
			runOnlyForDeploymentPostprocessing = 0;
		};
/* End PBXSourcesBuildPhase section */

/* Begin XCBuildConfiguration section */
		A15EA54F27CE8B7900C6CEA7 /* Debug */ = {
			isa = XCBuildConfiguration;
			buildSettings = {
				ALWAYS_SEARCH_USER_PATHS = NO;
				CLANG_ANALYZER_NONNULL = YES;
				CLANG_ANALYZER_NUMBER_OBJECT_CONVERSION = YES_AGGRESSIVE;
				CLANG_CXX_LANGUAGE_STANDARD = "gnu++17";
				CLANG_CXX_LIBRARY = "libc++";
				CLANG_ENABLE_MODULES = YES;
				CLANG_ENABLE_OBJC_ARC = YES;
				CLANG_ENABLE_OBJC_WEAK = YES;
				CLANG_WARN_BLOCK_CAPTURE_AUTORELEASING = YES;
				CLANG_WARN_BOOL_CONVERSION = YES;
				CLANG_WARN_COMMA = YES;
				CLANG_WARN_CONSTANT_CONVERSION = YES;
				CLANG_WARN_DEPRECATED_OBJC_IMPLEMENTATIONS = YES;
				CLANG_WARN_DIRECT_OBJC_ISA_USAGE = YES_ERROR;
				CLANG_WARN_DOCUMENTATION_COMMENTS = YES;
				CLANG_WARN_EMPTY_BODY = YES;
				CLANG_WARN_ENUM_CONVERSION = YES;
				CLANG_WARN_INFINITE_RECURSION = YES;
				CLANG_WARN_INT_CONVERSION = YES;
				CLANG_WARN_NON_LITERAL_NULL_CONVERSION = YES;
				CLANG_WARN_OBJC_IMPLICIT_RETAIN_SELF = YES;
				CLANG_WARN_OBJC_LITERAL_CONVERSION = YES;
				CLANG_WARN_OBJC_ROOT_CLASS = YES_ERROR;
				CLANG_WARN_QUOTED_INCLUDE_IN_FRAMEWORK_HEADER = YES;
				CLANG_WARN_RANGE_LOOP_ANALYSIS = YES;
				CLANG_WARN_STRICT_PROTOTYPES = YES;
				CLANG_WARN_SUSPICIOUS_MOVE = YES;
				CLANG_WARN_UNGUARDED_AVAILABILITY = YES_AGGRESSIVE;
				CLANG_WARN_UNREACHABLE_CODE = YES;
				CLANG_WARN__DUPLICATE_METHOD_MATCH = YES;
				COPY_PHASE_STRIP = NO;
				DEBUG_INFORMATION_FORMAT = dwarf;
				ENABLE_STRICT_OBJC_MSGSEND = YES;
				ENABLE_TESTABILITY = YES;
				GCC_C_LANGUAGE_STANDARD = gnu11;
				GCC_DYNAMIC_NO_PIC = NO;
				GCC_NO_COMMON_BLOCKS = YES;
				GCC_OPTIMIZATION_LEVEL = 0;
				GCC_PREPROCESSOR_DEFINITIONS = (
					"DEBUG=1",
					"$(inherited)",
				);
				GCC_WARN_64_TO_32_BIT_CONVERSION = YES;
				GCC_WARN_ABOUT_RETURN_TYPE = YES_ERROR;
				GCC_WARN_UNDECLARED_SELECTOR = YES;
				GCC_WARN_UNINITIALIZED_AUTOS = YES_AGGRESSIVE;
				GCC_WARN_UNUSED_FUNCTION = YES;
				GCC_WARN_UNUSED_VARIABLE = YES;
				IPHONEOS_DEPLOYMENT_TARGET = 15.2;
				MTL_ENABLE_DEBUG_INFO = INCLUDE_SOURCE;
				MTL_FAST_MATH = YES;
				ONLY_ACTIVE_ARCH = YES;
				SDKROOT = iphoneos;
				SWIFT_ACTIVE_COMPILATION_CONDITIONS = DEBUG;
				SWIFT_OPTIMIZATION_LEVEL = "-Onone";
			};
			name = Debug;
		};
		A15EA55027CE8B7900C6CEA7 /* Release */ = {
			isa = XCBuildConfiguration;
			buildSettings = {
				ALWAYS_SEARCH_USER_PATHS = NO;
				CLANG_ANALYZER_NONNULL = YES;
				CLANG_ANALYZER_NUMBER_OBJECT_CONVERSION = YES_AGGRESSIVE;
				CLANG_CXX_LANGUAGE_STANDARD = "gnu++17";
				CLANG_CXX_LIBRARY = "libc++";
				CLANG_ENABLE_MODULES = YES;
				CLANG_ENABLE_OBJC_ARC = YES;
				CLANG_ENABLE_OBJC_WEAK = YES;
				CLANG_WARN_BLOCK_CAPTURE_AUTORELEASING = YES;
				CLANG_WARN_BOOL_CONVERSION = YES;
				CLANG_WARN_COMMA = YES;
				CLANG_WARN_CONSTANT_CONVERSION = YES;
				CLANG_WARN_DEPRECATED_OBJC_IMPLEMENTATIONS = YES;
				CLANG_WARN_DIRECT_OBJC_ISA_USAGE = YES_ERROR;
				CLANG_WARN_DOCUMENTATION_COMMENTS = YES;
				CLANG_WARN_EMPTY_BODY = YES;
				CLANG_WARN_ENUM_CONVERSION = YES;
				CLANG_WARN_INFINITE_RECURSION = YES;
				CLANG_WARN_INT_CONVERSION = YES;
				CLANG_WARN_NON_LITERAL_NULL_CONVERSION = YES;
				CLANG_WARN_OBJC_IMPLICIT_RETAIN_SELF = YES;
				CLANG_WARN_OBJC_LITERAL_CONVERSION = YES;
				CLANG_WARN_OBJC_ROOT_CLASS = YES_ERROR;
				CLANG_WARN_QUOTED_INCLUDE_IN_FRAMEWORK_HEADER = YES;
				CLANG_WARN_RANGE_LOOP_ANALYSIS = YES;
				CLANG_WARN_STRICT_PROTOTYPES = YES;
				CLANG_WARN_SUSPICIOUS_MOVE = YES;
				CLANG_WARN_UNGUARDED_AVAILABILITY = YES_AGGRESSIVE;
				CLANG_WARN_UNREACHABLE_CODE = YES;
				CLANG_WARN__DUPLICATE_METHOD_MATCH = YES;
				COPY_PHASE_STRIP = NO;
				DEBUG_INFORMATION_FORMAT = "dwarf-with-dsym";
				ENABLE_NS_ASSERTIONS = NO;
				ENABLE_STRICT_OBJC_MSGSEND = YES;
				GCC_C_LANGUAGE_STANDARD = gnu11;
				GCC_NO_COMMON_BLOCKS = YES;
				GCC_WARN_64_TO_32_BIT_CONVERSION = YES;
				GCC_WARN_ABOUT_RETURN_TYPE = YES_ERROR;
				GCC_WARN_UNDECLARED_SELECTOR = YES;
				GCC_WARN_UNINITIALIZED_AUTOS = YES_AGGRESSIVE;
				GCC_WARN_UNUSED_FUNCTION = YES;
				GCC_WARN_UNUSED_VARIABLE = YES;
				IPHONEOS_DEPLOYMENT_TARGET = 15.2;
				MTL_ENABLE_DEBUG_INFO = NO;
				MTL_FAST_MATH = YES;
				SDKROOT = iphoneos;
				SWIFT_COMPILATION_MODE = wholemodule;
				SWIFT_OPTIMIZATION_LEVEL = "-O";
				VALIDATE_PRODUCT = YES;
			};
			name = Release;
		};
		A15EA55227CE8B7900C6CEA7 /* Debug */ = {
			isa = XCBuildConfiguration;
			buildSettings = {
				ASSETCATALOG_COMPILER_APPICON_NAME = AppIcon;
				ASSETCATALOG_COMPILER_GLOBAL_ACCENT_COLOR_NAME = AccentColor;
				CODE_SIGN_STYLE = Automatic;
				CURRENT_PROJECT_VERSION = 1;
				DEVELOPMENT_ASSET_PATHS = "\"Stronger/Preview Content\"";
				DEVELOPMENT_TEAM = A8X3KFYCUU;
				ENABLE_PREVIEWS = YES;
				GENERATE_INFOPLIST_FILE = YES;
				INFOPLIST_KEY_UIApplicationSceneManifest_Generation = YES;
				INFOPLIST_KEY_UIApplicationSupportsIndirectInputEvents = YES;
				INFOPLIST_KEY_UILaunchScreen_Generation = YES;
				INFOPLIST_KEY_UISupportedInterfaceOrientations_iPad = "UIInterfaceOrientationPortrait UIInterfaceOrientationPortraitUpsideDown UIInterfaceOrientationLandscapeLeft UIInterfaceOrientationLandscapeRight";
				INFOPLIST_KEY_UISupportedInterfaceOrientations_iPhone = "UIInterfaceOrientationPortrait UIInterfaceOrientationLandscapeLeft UIInterfaceOrientationLandscapeRight";
				LD_RUNPATH_SEARCH_PATHS = (
					"$(inherited)",
					"@executable_path/Frameworks",
				);
				MARKETING_VERSION = 1.0;
				PRODUCT_BUNDLE_IDENTIFIER = com.icloud.gbtallman.Stronger;
				PRODUCT_NAME = "$(TARGET_NAME)";
				SWIFT_EMIT_LOC_STRINGS = YES;
				SWIFT_VERSION = 5.0;
				TARGETED_DEVICE_FAMILY = "1,2";
			};
			name = Debug;
		};
		A15EA55327CE8B7900C6CEA7 /* Release */ = {
			isa = XCBuildConfiguration;
			buildSettings = {
				ASSETCATALOG_COMPILER_APPICON_NAME = AppIcon;
				ASSETCATALOG_COMPILER_GLOBAL_ACCENT_COLOR_NAME = AccentColor;
				CODE_SIGN_STYLE = Automatic;
				CURRENT_PROJECT_VERSION = 1;
				DEVELOPMENT_ASSET_PATHS = "\"Stronger/Preview Content\"";
				DEVELOPMENT_TEAM = A8X3KFYCUU;
				ENABLE_PREVIEWS = YES;
				GENERATE_INFOPLIST_FILE = YES;
				INFOPLIST_KEY_UIApplicationSceneManifest_Generation = YES;
				INFOPLIST_KEY_UIApplicationSupportsIndirectInputEvents = YES;
				INFOPLIST_KEY_UILaunchScreen_Generation = YES;
				INFOPLIST_KEY_UISupportedInterfaceOrientations_iPad = "UIInterfaceOrientationPortrait UIInterfaceOrientationPortraitUpsideDown UIInterfaceOrientationLandscapeLeft UIInterfaceOrientationLandscapeRight";
				INFOPLIST_KEY_UISupportedInterfaceOrientations_iPhone = "UIInterfaceOrientationPortrait UIInterfaceOrientationLandscapeLeft UIInterfaceOrientationLandscapeRight";
				LD_RUNPATH_SEARCH_PATHS = (
					"$(inherited)",
					"@executable_path/Frameworks",
				);
				MARKETING_VERSION = 1.0;
				PRODUCT_BUNDLE_IDENTIFIER = com.icloud.gbtallman.Stronger;
				PRODUCT_NAME = "$(TARGET_NAME)";
				SWIFT_EMIT_LOC_STRINGS = YES;
				SWIFT_VERSION = 5.0;
				TARGETED_DEVICE_FAMILY = "1,2";
			};
			name = Release;
		};
/* End XCBuildConfiguration section */

/* Begin XCConfigurationList section */
		A15EA53E27CE8B7800C6CEA7 /* Build configuration list for PBXProject "Stronger" */ = {
			isa = XCConfigurationList;
			buildConfigurations = (
				A15EA54F27CE8B7900C6CEA7 /* Debug */,
				A15EA55027CE8B7900C6CEA7 /* Release */,
			);
			defaultConfigurationIsVisible = 0;
			defaultConfigurationName = Release;
		};
		A15EA55127CE8B7900C6CEA7 /* Build configuration list for PBXNativeTarget "Stronger" */ = {
			isa = XCConfigurationList;
			buildConfigurations = (
				A15EA55227CE8B7900C6CEA7 /* Debug */,
				A15EA55327CE8B7900C6CEA7 /* Release */,
			);
			defaultConfigurationIsVisible = 0;
			defaultConfigurationName = Release;
		};
/* End XCConfigurationList section */
	};
	rootObject = A15EA53B27CE8B7800C6CEA7 /* Project object */;
}
